
Microsoft Visual Studio Solution File, Format Version 12.00
# Visual Studio Version 16
VisualStudioVersion = 16.0.31321.278
MinimumVisualStudioVersion = 10.0.40219.1
Project("{FAE04EC0-301F-11D3-BF4B-00C04F79EFBC}") = "StudentInformation", "StudentInformation\StudentInformation.csproj", "{A9113F4F-9B4F-4D0B-9B2B-DC71A55EE7B6}"
EndProject
Project("{FAE04EC0-301F-11D3-BF4B-00C04F79EFBC}") = "StudentServices.Data", "StudentServices.Data\StudentServices.Data.csproj", "{2EA447EC-9D36-4F5F-80EC-469A9521D205}"
EndProject
Global
	GlobalSection(SolutionConfigurationPlatforms) = preSolution
		Debug|Any CPU = Debug|Any CPU
		Release|Any CPU = Release|Any CPU
	EndGlobalSection
	GlobalSection(ProjectConfigurationPlatforms) = postSolution
		{A9113F4F-9B4F-4D0B-9B2B-DC71A55EE7B6}.Debug|Any CPU.ActiveCfg = Debug|Any CPU
		{A9113F4F-9B4F-4D0B-9B2B-DC71A55EE7B6}.Debug|Any CPU.Build.0 = Debug|Any CPU
		{A9113F4F-9B4F-4D0B-9B2B-DC71A55EE7B6}.Release|Any CPU.ActiveCfg = Release|Any CPU
		{A9113F4F-9B4F-4D0B-9B2B-DC71A55EE7B6}.Release|Any CPU.Build.0 = Release|Any CPU
		{2EA447EC-9D36-4F5F-80EC-469A9521D205}.Debug|Any CPU.ActiveCfg = Debug|Any CPU
		{2EA447EC-9D36-4F5F-80EC-469A9521D205}.Debug|Any CPU.Build.0 = Debug|Any CPU
		{2EA447EC-9D36-4F5F-80EC-469A9521D205}.Release|Any CPU.ActiveCfg = Release|Any CPU
		{2EA447EC-9D36-4F5F-80EC-469A9521D205}.Release|Any CPU.Build.0 = Release|Any CPU
	EndGlobalSection
	GlobalSection(SolutionProperties) = preSolution
		HideSolutionNode = FALSE
	EndGlobalSection
	GlobalSection(ExtensibilityGlobals) = postSolution
		SolutionGuid = {C4D35EE9-54D2-4420-9033-096548636CAF}
	EndGlobalSection
EndGlobal
